
Microsoft Visual Studio Solution File, Format Version 12.00
# Visual Studio Version 17
VisualStudioVersion = 17.3.32804.467
MinimumVisualStudioVersion = 10.0.40219.1
Project("{8BC9CEB8-8B4A-11D0-8D11-00A0C91BC942}") = "University-Event-Management-System", "University-Event-Management-System.vcxproj", "{14BF33C1-385E-4B56-BECD-B02C54348A7F}"
EndProject
Global
	GlobalSection(SolutionConfigurationPlatforms) = preSolution
		Debug|x64 = Debug|x64
		Debug|x86 = Debug|x86
		Release|x64 = Release|x64
		Release|x86 = Release|x86
	EndGlobalSection
	GlobalSection(ProjectConfigurationPlatforms) = postSolution
		{14BF33C1-385E-4B56-BECD-B02C54348A7F}.Debug|x64.ActiveCfg = Debug|x64
		{14BF33C1-385E-4B56-BECD-B02C54348A7F}.Debug|x64.Build.0 = Debug|x64
		{14BF33C1-385E-4B56-BECD-B02C54348A7F}.Debug|x86.ActiveCfg = Debug|Win32
		{14BF33C1-385E-4B56-BECD-B02C54348A7F}.Debug|x86.Build.0 = Debug|Win32
		{14BF33C1-385E-4B56-BECD-B02C54348A7F}.Release|x64.ActiveCfg = Release|x64
		{14BF33C1-385E-4B56-BECD-B02C54348A7F}.Release|x64.Build.0 = Release|x64
		{14BF33C1-385E-4B56-BECD-B02C54348A7F}.Release|x86.ActiveCfg = Release|Win32
		{14BF33C1-385E-4B56-BECD-B02C54348A7F}.Release|x86.Build.0 = Release|Win32
	EndGlobalSection
	GlobalSection(SolutionProperties) = preSolution
		HideSolutionNode = FALSE
	EndGlobalSection
	GlobalSection(ExtensibilityGlobals) = postSolution
		SolutionGuid = {4B032F56-6C73-423D-96B5-1E25F10B180B}
	EndGlobalSection
EndGlobal
